
Microsoft Visual Studio Solution File, Format Version 12.00
# Visual Studio Version 17
VisualStudioVersion = 17.0.31903.59
MinimumVisualStudioVersion = 10.0.40219.1
Project("{2150E333-8FDC-42A3-9474-1A3956D46DE8}") = "src", "src", "{827E0CD3-B72D-47B6-A68D-7590B98EB39B}"
EndProject
Project("{FAE04EC0-301F-11D3-BF4B-00C04F79EFBC}") = "Conscia.Api", "src\Conscia.Api\Conscia.Api.csproj", "{8DA3B5B8-0E15-4427-A902-159C470BC745}"
EndProject
Project("{FAE04EC0-301F-11D3-BF4B-00C04F79EFBC}") = "Conscia.Domain", "src\Conscia.Domain\Conscia.Domain.csproj", "{E12870B3-20BF-4B6A-B78F-DFD526AF3336}"
EndProject
Project("{FAE04EC0-301F-11D3-BF4B-00C04F79EFBC}") = "Conscia.Application", "src\Conscia.Application\Conscia.Application.csproj", "{AFFBBBF4-B31A-470A-BE8D-2F3FD6AB45BC}"
EndProject
Project("{FAE04EC0-301F-11D3-BF4B-00C04F79EFBC}") = "Conscia.Infrastructure", "src\Conscia.Infrastructure\Conscia.Infrastructure.csproj", "{81B7F3FA-63E0-4AAA-8FA5-F34685DDE3DD}"
EndProject
Project("{FAE04EC0-301F-11D3-BF4B-00C04F79EFBC}") = "Conscia.AI", "src\Conscia.AI\Conscia.AI.csproj", "{2FA0DBE3-7F3E-4A4A-A7C3-4ED82F1A3B7F}"
EndProject
Project("{FAE04EC0-301F-11D3-BF4B-00C04F79EFBC}") = "Conscia.Tests.Unit", "tests\Conscia.Tests.Unit\Conscia.Tests.Unit.csproj", "{95F37110-3710-4050-A68D-EFD3FBB4AACA}"
EndProject
Project("{FAE04EC0-301F-11D3-BF4B-00C04F79EFBC}") = "DynamoSetup", "tools\DynamoSetup\DynamoSetup.csproj", "{D1838841-A38D-4E7F-B145-9533D2081D9C}"
EndProject
Project("{FAE04EC0-301F-11D3-BF4B-00C04F79EFBC}") = "Seeder", "tools\Seeder\Seeder.csproj", "{6A720F46-6EB1-4BA3-8AF5-01D4E07A0220}"
EndProject
Project("{FAE04EC0-301F-11D3-BF4B-00C04F79EFBC}") = "Conscia.OutboxProcessor", "src\Conscia.OutboxProcessor\Conscia.OutboxProcessor.csproj", "{30E5D1A6-40FE-4C6D-A34E-B454F54E9A55}"
EndProject
Project("{FAE04EC0-301F-11D3-BF4B-00C04F79EFBC}") = "Conscia.PatternAggregator", "src\Conscia.PatternAggregator\Conscia.PatternAggregator.csproj", "{11858E1F-BD5A-4039-A78C-11161D90E008}"
EndProject
Project("{FAE04EC0-301F-11D3-BF4B-00C04F79EFBC}") = "Conscia.RecurringProcessor", "src\Conscia.RecurringProcessor\Conscia.RecurringProcessor.csproj", "{35A359F0-890A-49C5-9F55-39A4FBE8C989}"
EndProject
Project("{FAE04EC0-301F-11D3-BF4B-00C04F79EFBC}") = "Conscia.CognitoPreSignupLinker", "src\Conscia.CognitoPreSignupLinker\Conscia.CognitoPreSignupLinker.csproj", "{C8250275-7958-4D7B-B86C-5C9937517033}"
EndProject
Project("{FAE04EC0-301F-11D3-BF4B-00C04F79EFBC}") = "Conscia.CognitoCustomEmailSender", "src\Conscia.CognitoCustomEmailSender\Conscia.CognitoCustomEmailSender.csproj", "{726FE89F-D25F-4169-96CD-CD12182C2D98}"
EndProject
Global
	GlobalSection(SolutionConfigurationPlatforms) = preSolution
		Debug|Any CPU = Debug|Any CPU
		Debug|x64 = Debug|x64
		Debug|x86 = Debug|x86
		Release|Any CPU = Release|Any CPU
		Release|x64 = Release|x64
		Release|x86 = Release|x86
	EndGlobalSection
	GlobalSection(ProjectConfigurationPlatforms) = postSolution
		{8DA3B5B8-0E15-4427-A902-159C470BC745}.Debug|Any CPU.ActiveCfg = Debug|Any CPU
		{8DA3B5B8-0E15-4427-A902-159C470BC745}.Debug|Any CPU.Build.0 = Debug|Any CPU
		{8DA3B5B8-0E15-4427-A902-159C470BC745}.Debug|x64.ActiveCfg = Debug|Any CPU
		{8DA3B5B8-0E15-4427-A902-159C470BC745}.Debug|x64.Build.0 = Debug|Any CPU
		{8DA3B5B8-0E15-4427-A902-159C470BC745}.Debug|x86.ActiveCfg = Debug|Any CPU
		{8DA3B5B8-0E15-4427-A902-159C470BC745}.Debug|x86.Build.0 = Debug|Any CPU
		{8DA3B5B8-0E15-4427-A902-159C470BC745}.Release|Any CPU.ActiveCfg = Release|Any CPU
		{8DA3B5B8-0E15-4427-A902-159C470BC745}.Release|Any CPU.Build.0 = Release|Any CPU
		{8DA3B5B8-0E15-4427-A902-159C470BC745}.Release|x64.ActiveCfg = Release|Any CPU
		{8DA3B5B8-0E15-4427-A902-159C470BC745}.Release|x64.Build.0 = Release|Any CPU
		{8DA3B5B8-0E15-4427-A902-159C470BC745}.Release|x86.ActiveCfg = Release|Any CPU
		{8DA3B5B8-0E15-4427-A902-159C470BC745}.Release|x86.Build.0 = Release|Any CPU
		{E12870B3-20BF-4B6A-B78F-DFD526AF3336}.Debug|Any CPU.ActiveCfg = Debug|Any CPU
		{E12870B3-20BF-4B6A-B78F-DFD526AF3336}.Debug|Any CPU.Build.0 = Debug|Any CPU
		{E12870B3-20BF-4B6A-B78F-DFD526AF3336}.Debug|x64.ActiveCfg = Debug|Any CPU
		{E12870B3-20BF-4B6A-B78F-DFD526AF3336}.Debug|x64.Build.0 = Debug|Any CPU
		{E12870B3-20BF-4B6A-B78F-DFD526AF3336}.Debug|x86.ActiveCfg = Debug|Any CPU
		{E12870B3-20BF-4B6A-B78F-DFD526AF3336}.Debug|x86.Build.0 = Debug|Any CPU
		{E12870B3-20BF-4B6A-B78F-DFD526AF3336}.Release|Any CPU.ActiveCfg = Release|Any CPU
		{E12870B3-20BF-4B6A-B78F-DFD526AF3336}.Release|Any CPU.Build.0 = Release|Any CPU
		{E12870B3-20BF-4B6A-B78F-DFD526AF3336}.Release|x64.ActiveCfg = Release|Any CPU
		{E12870B3-20BF-4B6A-B78F-DFD526AF3336}.Release|x64.Build.0 = Release|Any CPU
		{E12870B3-20BF-4B6A-B78F-DFD526AF3336}.Release|x86.ActiveCfg = Release|Any CPU
		{E12870B3-20BF-4B6A-B78F-DFD526AF3336}.Release|x86.Build.0 = Release|Any CPU
		{AFFBBBF4-B31A-470A-BE8D-2F3FD6AB45BC}.Debug|Any CPU.ActiveCfg = Debug|Any CPU
		{AFFBBBF4-B31A-470A-BE8D-2F3FD6AB45BC}.Debug|Any CPU.Build.0 = Debug|Any CPU
		{AFFBBBF4-B31A-470A-BE8D-2F3FD6AB45BC}.Debug|x64.ActiveCfg = Debug|Any CPU
		{AFFBBBF4-B31A-470A-BE8D-2F3FD6AB45BC}.Debug|x64.Build.0 = Debug|Any CPU
		{AFFBBBF4-B31A-470A-BE8D-2F3FD6AB45BC}.Debug|x86.ActiveCfg = Debug|Any CPU
		{AFFBBBF4-B31A-470A-BE8D-2F3FD6AB45BC}.Debug|x86.Build.0 = Debug|Any CPU
		{AFFBBBF4-B31A-470A-BE8D-2F3FD6AB45BC}.Release|Any CPU.ActiveCfg = Release|Any CPU
		{AFFBBBF4-B31A-470A-BE8D-2F3FD6AB45BC}.Release|Any CPU.Build.0 = Release|Any CPU
		{AFFBBBF4-B31A-470A-BE8D-2F3FD6AB45BC}.Release|x64.ActiveCfg = Release|Any CPU
		{AFFBBBF4-B31A-470A-BE8D-2F3FD6AB45BC}.Release|x64.Build.0 = Release|Any CPU
		{AFFBBBF4-B31A-470A-BE8D-2F3FD6AB45BC}.Release|x86.ActiveCfg = Release|Any CPU
		{AFFBBBF4-B31A-470A-BE8D-2F3FD6AB45BC}.Release|x86.Build.0 = Release|Any CPU
		{81B7F3FA-63E0-4AAA-8FA5-F34685DDE3DD}.Debug|Any CPU.ActiveCfg = Debug|Any CPU
		{81B7F3FA-63E0-4AAA-8FA5-F34685DDE3DD}.Debug|Any CPU.Build.0 = Debug|Any CPU
		{81B7F3FA-63E0-4AAA-8FA5-F34685DDE3DD}.Debug|x64.ActiveCfg = Debug|Any CPU
		{81B7F3FA-63E0-4AAA-8FA5-F34685DDE3DD}.Debug|x64.Build.0 = Debug|Any CPU
		{81B7F3FA-63E0-4AAA-8FA5-F34685DDE3DD}.Debug|x86.ActiveCfg = Debug|Any CPU
		{81B7F3FA-63E0-4AAA-8FA5-F34685DDE3DD}.Debug|x86.Build.0 = Debug|Any CPU
		{81B7F3FA-63E0-4AAA-8FA5-F34685DDE3DD}.Release|Any CPU.ActiveCfg = Release|Any CPU
		{81B7F3FA-63E0-4AAA-8FA5-F34685DDE3DD}.Release|Any CPU.Build.0 = Release|Any CPU
		{81B7F3FA-63E0-4AAA-8FA5-F34685DDE3DD}.Release|x64.ActiveCfg = Release|Any CPU
		{81B7F3FA-63E0-4AAA-8FA5-F34685DDE3DD}.Release|x64.Build.0 = Release|Any CPU
		{81B7F3FA-63E0-4AAA-8FA5-F34685DDE3DD}.Release|x86.ActiveCfg = Release|Any CPU
		{81B7F3FA-63E0-4AAA-8FA5-F34685DDE3DD}.Release|x86.Build.0 = Release|Any CPU
		{2FA0DBE3-7F3E-4A4A-A7C3-4ED82F1A3B7F}.Debug|Any CPU.ActiveCfg = Debug|Any CPU
		{2FA0DBE3-7F3E-4A4A-A7C3-4ED82F1A3B7F}.Debug|Any CPU.Build.0 = Debug|Any CPU
		{2FA0DBE3-7F3E-4A4A-A7C3-4ED82F1A3B7F}.Debug|x64.ActiveCfg = Debug|Any CPU
		{2FA0DBE3-7F3E-4A4A-A7C3-4ED82F1A3B7F}.Debug|x64.Build.0 = Debug|Any CPU
		{2FA0DBE3-7F3E-4A4A-A7C3-4ED82F1A3B7F}.Debug|x86.ActiveCfg = Debug|Any CPU
		{2FA0DBE3-7F3E-4A4A-A7C3-4ED82F1A3B7F}.Debug|x86.Build.0 = Debug|Any CPU
		{2FA0DBE3-7F3E-4A4A-A7C3-4ED82F1A3B7F}.Release|Any CPU.ActiveCfg = Release|Any CPU
		{2FA0DBE3-7F3E-4A4A-A7C3-4ED82F1A3B7F}.Release|Any CPU.Build.0 = Release|Any CPU
		{2FA0DBE3-7F3E-4A4A-A7C3-4ED82F1A3B7F}.Release|x64.ActiveCfg = Release|Any CPU
		{2FA0DBE3-7F3E-4A4A-A7C3-4ED82F1A3B7F}.Release|x64.Build.0 = Release|Any CPU
		{2FA0DBE3-7F3E-4A4A-A7C3-4ED82F1A3B7F}.Release|x86.ActiveCfg = Release|Any CPU
		{2FA0DBE3-7F3E-4A4A-A7C3-4ED82F1A3B7F}.Release|x86.Build.0 = Release|Any CPU
		{95F37110-3710-4050-A68D-EFD3FBB4AACA}.Debug|Any CPU.ActiveCfg = Debug|Any CPU
		{95F37110-3710-4050-A68D-EFD3FBB4AACA}.Debug|Any CPU.Build.0 = Debug|Any CPU
		{95F37110-3710-4050-A68D-EFD3FBB4AACA}.Debug|x64.ActiveCfg = Debug|Any CPU
		{95F37110-3710-4050-A68D-EFD3FBB4AACA}.Debug|x64.Build.0 = Debug|Any CPU
		{95F37110-3710-4050-A68D-EFD3FBB4AACA}.Debug|x86.ActiveCfg = Debug|Any CPU
		{95F37110-3710-4050-A68D-EFD3FBB4AACA}.Debug|x86.Build.0 = Debug|Any CPU
		{95F37110-3710-4050-A68D-EFD3FBB4AACA}.Release|Any CPU.ActiveCfg = Release|Any CPU
		{95F37110-3710-4050-A68D-EFD3FBB4AACA}.Release|Any CPU.Build.0 = Release|Any CPU
		{95F37110-3710-4050-A68D-EFD3FBB4AACA}.Release|x64.ActiveCfg = Release|Any CPU
		{95F37110-3710-4050-A68D-EFD3FBB4AACA}.Release|x64.Build.0 = Release|Any CPU
		{95F37110-3710-4050-A68D-EFD3FBB4AACA}.Release|x86.ActiveCfg = Release|Any CPU
		{95F37110-3710-4050-A68D-EFD3FBB4AACA}.Release|x86.Build.0 = Release|Any CPU
		{D1838841-A38D-4E7F-B145-9533D2081D9C}.Debug|Any CPU.ActiveCfg = Debug|Any CPU
		{D1838841-A38D-4E7F-B145-9533D2081D9C}.Debug|Any CPU.Build.0 = Debug|Any CPU
		{D1838841-A38D-4E7F-B145-9533D2081D9C}.Debug|x64.ActiveCfg = Debug|Any CPU
		{D1838841-A38D-4E7F-B145-9533D2081D9C}.Debug|x64.Build.0 = Debug|Any CPU
		{D1838841-A38D-4E7F-B145-9533D2081D9C}.Debug|x86.ActiveCfg = Debug|Any CPU
		{D1838841-A38D-4E7F-B145-9533D2081D9C}.Debug|x86.Build.0 = Debug|Any CPU
		{D1838841-A38D-4E7F-B145-9533D2081D9C}.Release|Any CPU.ActiveCfg = Release|Any CPU
		{D1838841-A38D-4E7F-B145-9533D2081D9C}.Release|Any CPU.Build.0 = Release|Any CPU
		{D1838841-A38D-4E7F-B145-9533D2081D9C}.Release|x64.ActiveCfg = Release|Any CPU
		{D1838841-A38D-4E7F-B145-9533D2081D9C}.Release|x64.Build.0 = Release|Any CPU
		{D1838841-A38D-4E7F-B145-9533D2081D9C}.Release|x86.ActiveCfg = Release|Any CPU
		{D1838841-A38D-4E7F-B145-9533D2081D9C}.Release|x86.Build.0 = Release|Any CPU
		{6A720F46-6EB1-4BA3-8AF5-01D4E07A0220}.Debug|Any CPU.ActiveCfg = Debug|Any CPU
		{6A720F46-6EB1-4BA3-8AF5-01D4E07A0220}.Debug|Any CPU.Build.0 = Debug|Any CPU
		{6A720F46-6EB1-4BA3-8AF5-01D4E07A0220}.Debug|x64.ActiveCfg = Debug|Any CPU
		{6A720F46-6EB1-4BA3-8AF5-01D4E07A0220}.Debug|x64.Build.0 = Debug|Any CPU
		{6A720F46-6EB1-4BA3-8AF5-01D4E07A0220}.Debug|x86.ActiveCfg = Debug|Any CPU
		{6A720F46-6EB1-4BA3-8AF5-01D4E07A0220}.Debug|x86.Build.0 = Debug|Any CPU
		{6A720F46-6EB1-4BA3-8AF5-01D4E07A0220}.Release|Any CPU.ActiveCfg = Release|Any CPU
		{6A720F46-6EB1-4BA3-8AF5-01D4E07A0220}.Release|Any CPU.Build.0 = Release|Any CPU
		{6A720F46-6EB1-4BA3-8AF5-01D4E07A0220}.Release|x64.ActiveCfg = Release|Any CPU
		{6A720F46-6EB1-4BA3-8AF5-01D4E07A0220}.Release|x64.Build.0 = Release|Any CPU
		{6A720F46-6EB1-4BA3-8AF5-01D4E07A0220}.Release|x86.ActiveCfg = Release|Any CPU
		{6A720F46-6EB1-4BA3-8AF5-01D4E07A0220}.Release|x86.Build.0 = Release|Any CPU
		{30E5D1A6-40FE-4C6D-A34E-B454F54E9A55}.Debug|Any CPU.ActiveCfg = Debug|Any CPU
		{30E5D1A6-40FE-4C6D-A34E-B454F54E9A55}.Debug|Any CPU.Build.0 = Debug|Any CPU
		{30E5D1A6-40FE-4C6D-A34E-B454F54E9A55}.Debug|x64.ActiveCfg = Debug|Any CPU
		{30E5D1A6-40FE-4C6D-A34E-B454F54E9A55}.Debug|x64.Build.0 = Debug|Any CPU
		{30E5D1A6-40FE-4C6D-A34E-B454F54E9A55}.Debug|x86.ActiveCfg = Debug|Any CPU
		{30E5D1A6-40FE-4C6D-A34E-B454F54E9A55}.Debug|x86.Build.0 = Debug|Any CPU
		{30E5D1A6-40FE-4C6D-A34E-B454F54E9A55}.Release|Any CPU.ActiveCfg = Release|Any CPU
		{30E5D1A6-40FE-4C6D-A34E-B454F54E9A55}.Release|Any CPU.Build.0 = Release|Any CPU
		{30E5D1A6-40FE-4C6D-A34E-B454F54E9A55}.Release|x64.ActiveCfg = Release|Any CPU
		{30E5D1A6-40FE-4C6D-A34E-B454F54E9A55}.Release|x64.Build.0 = Release|Any CPU
		{30E5D1A6-40FE-4C6D-A34E-B454F54E9A55}.Release|x86.ActiveCfg = Release|Any CPU
		{30E5D1A6-40FE-4C6D-A34E-B454F54E9A55}.Release|x86.Build.0 = Release|Any CPU
		{11858E1F-BD5A-4039-A78C-11161D90E008}.Debug|Any CPU.ActiveCfg = Debug|Any CPU
		{11858E1F-BD5A-4039-A78C-11161D90E008}.Debug|Any CPU.Build.0 = Debug|Any CPU
		{11858E1F-BD5A-4039-A78C-11161D90E008}.Debug|x64.ActiveCfg = Debug|Any CPU
		{11858E1F-BD5A-4039-A78C-11161D90E008}.Debug|x64.Build.0 = Debug|Any CPU
		{11858E1F-BD5A-4039-A78C-11161D90E008}.Debug|x86.ActiveCfg = Debug|Any CPU
		{11858E1F-BD5A-4039-A78C-11161D90E008}.Debug|x86.Build.0 = Debug|Any CPU
		{11858E1F-BD5A-4039-A78C-11161D90E008}.Release|Any CPU.ActiveCfg = Release|Any CPU
		{11858E1F-BD5A-4039-A78C-11161D90E008}.Release|Any CPU.Build.0 = Release|Any CPU
		{11858E1F-BD5A-4039-A78C-11161D90E008}.Release|x64.ActiveCfg = Release|Any CPU
		{11858E1F-BD5A-4039-A78C-11161D90E008}.Release|x64.Build.0 = Release|Any CPU
		{11858E1F-BD5A-4039-A78C-11161D90E008}.Release|x86.ActiveCfg = Release|Any CPU
		{11858E1F-BD5A-4039-A78C-11161D90E008}.Release|x86.Build.0 = Release|Any CPU
		{35A359F0-890A-49C5-9F55-39A4FBE8C989}.Debug|Any CPU.ActiveCfg = Debug|Any CPU
		{35A359F0-890A-49C5-9F55-39A4FBE8C989}.Debug|Any CPU.Build.0 = Debug|Any CPU
		{35A359F0-890A-49C5-9F55-39A4FBE8C989}.Debug|x64.ActiveCfg = Debug|Any CPU
		{35A359F0-890A-49C5-9F55-39A4FBE8C989}.Debug|x64.Build.0 = Debug|Any CPU
		{35A359F0-890A-49C5-9F55-39A4FBE8C989}.Debug|x86.ActiveCfg = Debug|Any CPU
		{35A359F0-890A-49C5-9F55-39A4FBE8C989}.Debug|x86.Build.0 = Debug|Any CPU
		{35A359F0-890A-49C5-9F55-39A4FBE8C989}.Release|Any CPU.ActiveCfg = Release|Any CPU
		{35A359F0-890A-49C5-9F55-39A4FBE8C989}.Release|Any CPU.Build.0 = Release|Any CPU
		{35A359F0-890A-49C5-9F55-39A4FBE8C989}.Release|x64.ActiveCfg = Release|Any CPU
		{35A359F0-890A-49C5-9F55-39A4FBE8C989}.Release|x64.Build.0 = Release|Any CPU
		{35A359F0-890A-49C5-9F55-39A4FBE8C989}.Release|x86.ActiveCfg = Release|Any CPU
		{35A359F0-890A-49C5-9F55-39A4FBE8C989}.Release|x86.Build.0 = Release|Any CPU
		{C8250275-7958-4D7B-B86C-5C9937517033}.Debug|Any CPU.ActiveCfg = Debug|Any CPU
		{C8250275-7958-4D7B-B86C-5C9937517033}.Debug|Any CPU.Build.0 = Debug|Any CPU
		{C8250275-7958-4D7B-B86C-5C9937517033}.Debug|x64.ActiveCfg = Debug|Any CPU
		{C8250275-7958-4D7B-B86C-5C9937517033}.Debug|x64.Build.0 = Debug|Any CPU
		{C8250275-7958-4D7B-B86C-5C9937517033}.Debug|x86.ActiveCfg = Debug|Any CPU
		{C8250275-7958-4D7B-B86C-5C9937517033}.Debug|x86.Build.0 = Debug|Any CPU
		{C8250275-7958-4D7B-B86C-5C9937517033}.Release|Any CPU.ActiveCfg = Release|Any CPU
		{C8250275-7958-4D7B-B86C-5C9937517033}.Release|Any CPU.Build.0 = Release|Any CPU
		{C8250275-7958-4D7B-B86C-5C9937517033}.Release|x64.ActiveCfg = Release|Any CPU
		{C8250275-7958-4D7B-B86C-5C9937517033}.Release|x64.Build.0 = Release|Any CPU
		{C8250275-7958-4D7B-B86C-5C9937517033}.Release|x86.ActiveCfg = Release|Any CPU
		{C8250275-7958-4D7B-B86C-5C9937517033}.Release|x86.Build.0 = Release|Any CPU
		{726FE89F-D25F-4169-96CD-CD12182C2D98}.Debug|Any CPU.ActiveCfg = Debug|Any CPU
		{726FE89F-D25F-4169-96CD-CD12182C2D98}.Debug|Any CPU.Build.0 = Debug|Any CPU
		{726FE89F-D25F-4169-96CD-CD12182C2D98}.Debug|x64.ActiveCfg = Debug|Any CPU
		{726FE89F-D25F-4169-96CD-CD12182C2D98}.Debug|x64.Build.0 = Debug|Any CPU
		{726FE89F-D25F-4169-96CD-CD12182C2D98}.Debug|x86.ActiveCfg = Debug|Any CPU
		{726FE89F-D25F-4169-96CD-CD12182C2D98}.Debug|x86.Build.0 = Debug|Any CPU
		{726FE89F-D25F-4169-96CD-CD12182C2D98}.Release|Any CPU.ActiveCfg = Release|Any CPU
		{726FE89F-D25F-4169-96CD-CD12182C2D98}.Release|Any CPU.Build.0 = Release|Any CPU
		{726FE89F-D25F-4169-96CD-CD12182C2D98}.Release|x64.ActiveCfg = Release|Any CPU
		{726FE89F-D25F-4169-96CD-CD12182C2D98}.Release|x64.Build.0 = Release|Any CPU
		{726FE89F-D25F-4169-96CD-CD12182C2D98}.Release|x86.ActiveCfg = Release|Any CPU
		{726FE89F-D25F-4169-96CD-CD12182C2D98}.Release|x86.Build.0 = Release|Any CPU
	EndGlobalSection
	GlobalSection(SolutionProperties) = preSolution
		HideSolutionNode = FALSE
	EndGlobalSection
	GlobalSection(NestedProjects) = preSolution
		{8DA3B5B8-0E15-4427-A902-159C470BC745} = {827E0CD3-B72D-47B6-A68D-7590B98EB39B}
		{E12870B3-20BF-4B6A-B78F-DFD526AF3336} = {827E0CD3-B72D-47B6-A68D-7590B98EB39B}
		{AFFBBBF4-B31A-470A-BE8D-2F3FD6AB45BC} = {827E0CD3-B72D-47B6-A68D-7590B98EB39B}
		{81B7F3FA-63E0-4AAA-8FA5-F34685DDE3DD} = {827E0CD3-B72D-47B6-A68D-7590B98EB39B}
		{2FA0DBE3-7F3E-4A4A-A7C3-4ED82F1A3B7F} = {827E0CD3-B72D-47B6-A68D-7590B98EB39B}
		{95F37110-3710-4050-A68D-EFD3FBB4AACA} = {827E0CD3-B72D-47B6-A68D-7590B98EB39B}
		{D1838841-A38D-4E7F-B145-9533D2081D9C} = {827E0CD3-B72D-47B6-A68D-7590B98EB39B}
		{6A720F46-6EB1-4BA3-8AF5-01D4E07A0220} = {827E0CD3-B72D-47B6-A68D-7590B98EB39B}
		{30E5D1A6-40FE-4C6D-A34E-B454F54E9A55} = {827E0CD3-B72D-47B6-A68D-7590B98EB39B}
		{11858E1F-BD5A-4039-A78C-11161D90E008} = {827E0CD3-B72D-47B6-A68D-7590B98EB39B}
		{35A359F0-890A-49C5-9F55-39A4FBE8C989} = {827E0CD3-B72D-47B6-A68D-7590B98EB39B}
		{C8250275-7958-4D7B-B86C-5C9937517033} = {827E0CD3-B72D-47B6-A68D-7590B98EB39B}
		{726FE89F-D25F-4169-96CD-CD12182C2D98} = {827E0CD3-B72D-47B6-A68D-7590B98EB39B}
	EndGlobalSection
EndGlobal
