
Microsoft Visual Studio Solution File, Format Version 12.00
# Visual Studio Version 17
VisualStudioVersion = 17.0.31903.59
MinimumVisualStudioVersion = 10.0.40219.1
Project("{2150E333-8FDC-42A3-9474-1A3956D46DE8}") = "src", "src", "{827E0CD3-B72D-47B6-A68D-7590B98EB39B}"
EndProject
Project("{FAE04EC0-301F-11D3-BF4B-00C04F79EFBC}") = "Conscia.Infra", "src\Conscia.Infra\Conscia.Infra.csproj", "{E1B471C1-05CF-48AC-9BFB-DF69E12996CF}"
EndProject
Project("{2150E333-8FDC-42A3-9474-1A3956D46DE8}") = "tests", "tests", "{0AB3BF05-4346-4AA6-1389-037BE0695223}"
EndProject
Project("{FAE04EC0-301F-11D3-BF4B-00C04F79EFBC}") = "Conscia.Infra.Tests", "tests\Conscia.Infra.Tests\Conscia.Infra.Tests.csproj", "{ADAB62ED-55DE-459E-945F-7322A0CCCA6B}"
EndProject
Global
	GlobalSection(SolutionConfigurationPlatforms) = preSolution
		Debug|Any CPU = Debug|Any CPU
		Debug|x64 = Debug|x64
		Debug|x86 = Debug|x86
		Release|Any CPU = Release|Any CPU
		Release|x64 = Release|x64
		Release|x86 = Release|x86
	EndGlobalSection
	GlobalSection(ProjectConfigurationPlatforms) = postSolution
		{E1B471C1-05CF-48AC-9BFB-DF69E12996CF}.Debug|Any CPU.ActiveCfg = Debug|Any CPU
		{E1B471C1-05CF-48AC-9BFB-DF69E12996CF}.Debug|Any CPU.Build.0 = Debug|Any CPU
		{E1B471C1-05CF-48AC-9BFB-DF69E12996CF}.Debug|x64.ActiveCfg = Debug|Any CPU
		{E1B471C1-05CF-48AC-9BFB-DF69E12996CF}.Debug|x64.Build.0 = Debug|Any CPU
		{E1B471C1-05CF-48AC-9BFB-DF69E12996CF}.Debug|x86.ActiveCfg = Debug|Any CPU
		{E1B471C1-05CF-48AC-9BFB-DF69E12996CF}.Debug|x86.Build.0 = Debug|Any CPU
		{E1B471C1-05CF-48AC-9BFB-DF69E12996CF}.Release|Any CPU.ActiveCfg = Release|Any CPU
		{E1B471C1-05CF-48AC-9BFB-DF69E12996CF}.Release|Any CPU.Build.0 = Release|Any CPU
		{E1B471C1-05CF-48AC-9BFB-DF69E12996CF}.Release|x64.ActiveCfg = Release|Any CPU
		{E1B471C1-05CF-48AC-9BFB-DF69E12996CF}.Release|x64.Build.0 = Release|Any CPU
		{E1B471C1-05CF-48AC-9BFB-DF69E12996CF}.Release|x86.ActiveCfg = Release|Any CPU
		{E1B471C1-05CF-48AC-9BFB-DF69E12996CF}.Release|x86.Build.0 = Release|Any CPU
		{ADAB62ED-55DE-459E-945F-7322A0CCCA6B}.Debug|Any CPU.ActiveCfg = Debug|Any CPU
		{ADAB62ED-55DE-459E-945F-7322A0CCCA6B}.Debug|Any CPU.Build.0 = Debug|Any CPU
		{ADAB62ED-55DE-459E-945F-7322A0CCCA6B}.Debug|x64.ActiveCfg = Debug|Any CPU
		{ADAB62ED-55DE-459E-945F-7322A0CCCA6B}.Debug|x64.Build.0 = Debug|Any CPU
		{ADAB62ED-55DE-459E-945F-7322A0CCCA6B}.Debug|x86.ActiveCfg = Debug|Any CPU
		{ADAB62ED-55DE-459E-945F-7322A0CCCA6B}.Debug|x86.Build.0 = Debug|Any CPU
		{ADAB62ED-55DE-459E-945F-7322A0CCCA6B}.Release|Any CPU.ActiveCfg = Release|Any CPU
		{ADAB62ED-55DE-459E-945F-7322A0CCCA6B}.Release|Any CPU.Build.0 = Release|Any CPU
		{ADAB62ED-55DE-459E-945F-7322A0CCCA6B}.Release|x64.ActiveCfg = Release|Any CPU
		{ADAB62ED-55DE-459E-945F-7322A0CCCA6B}.Release|x64.Build.0 = Release|Any CPU
		{ADAB62ED-55DE-459E-945F-7322A0CCCA6B}.Release|x86.ActiveCfg = Release|Any CPU
		{ADAB62ED-55DE-459E-945F-7322A0CCCA6B}.Release|x86.Build.0 = Release|Any CPU
	EndGlobalSection
	GlobalSection(SolutionProperties) = preSolution
		HideSolutionNode = FALSE
	EndGlobalSection
	GlobalSection(NestedProjects) = preSolution
		{E1B471C1-05CF-48AC-9BFB-DF69E12996CF} = {827E0CD3-B72D-47B6-A68D-7590B98EB39B}
		{ADAB62ED-55DE-459E-945F-7322A0CCCA6B} = {0AB3BF05-4346-4AA6-1389-037BE0695223}
	EndGlobalSection
EndGlobal
